
Microsoft Visual Studio Solution File, Format Version 12.00
# Visual Studio Version 17
VisualStudioVersion = 17.2.32630.192
MinimumVisualStudioVersion = 10.0.40219.1
Project("{FAE04EC0-301F-11D3-BF4B-00C04F79EFBC}") = "Task C", "Task C\Task C.csproj", "{18194FE8-70A5-430B-9A4B-642CADE7C50A}"
EndProject
Global
	GlobalSection(SolutionConfigurationPlatforms) = preSolution
		Debug|Any CPU = Debug|Any CPU
		Release|Any CPU = Release|Any CPU
	EndGlobalSection
	GlobalSection(ProjectConfigurationPlatforms) = postSolution
		{18194FE8-70A5-430B-9A4B-642CADE7C50A}.Debug|Any CPU.ActiveCfg = Debug|Any CPU
		{18194FE8-70A5-430B-9A4B-642CADE7C50A}.Debug|Any CPU.Build.0 = Debug|Any CPU
		{18194FE8-70A5-430B-9A4B-642CADE7C50A}.Release|Any CPU.ActiveCfg = Release|Any CPU
		{18194FE8-70A5-430B-9A4B-642CADE7C50A}.Release|Any CPU.Build.0 = Release|Any CPU
	EndGlobalSection
	GlobalSection(SolutionProperties) = preSolution
		HideSolutionNode = FALSE
	EndGlobalSection
	GlobalSection(ExtensibilityGlobals) = postSolution
		SolutionGuid = {9ADA74DF-0415-42FC-989B-4AE0D1F35328}
	EndGlobalSection
EndGlobal
